
Microsoft Visual Studio Solution File, Format Version 12.00
Project("{FAE04EC0-301F-11D3-BF4B-00C04F79EFBC}") = "PhuongHaiNam_L1", "PhuongHaiNam_L1\PhuongHaiNam_L1.csproj", "{5ABFE2D2-39C7-4188-B3CE-AA3E608F7193}"
EndProject
Global
	GlobalSection(SolutionConfigurationPlatforms) = preSolution
		Debug|Any CPU = Debug|Any CPU
		Release|Any CPU = Release|Any CPU
	EndGlobalSection
	GlobalSection(ProjectConfigurationPlatforms) = postSolution
		{5ABFE2D2-39C7-4188-B3CE-AA3E608F7193}.Debug|Any CPU.ActiveCfg = Debug|Any CPU
		{5ABFE2D2-39C7-4188-B3CE-AA3E608F7193}.Debug|Any CPU.Build.0 = Debug|Any CPU
		{5ABFE2D2-39C7-4188-B3CE-AA3E608F7193}.Release|Any CPU.ActiveCfg = Release|Any CPU
		{5ABFE2D2-39C7-4188-B3CE-AA3E608F7193}.Release|Any CPU.Build.0 = Release|Any CPU
	EndGlobalSection
EndGlobal
